// !$*UTF8*$!
{
	archiveVersion = 1;
	classes = {
	};
	objectVersion = 54;
	objects = {

/* Begin PBXBuildFile section */
		3I6QO535GJD8DWQQF7RES9GW /* LaunchScreen.storyboard in Resources */ = {isa = PBXBuildFile; fileRef = YFCUZ78R8Y5O7DVA3SS2NIVO /* LaunchScreen.storyboard */; };
		8HTDJ0YQ7I64OIGEBBC1NGXQ /* Pods_Runner.framework in Frameworks */ = {isa = PBXBuildFile; fileRef = 9LDM5VNFN89O6XP5CV3643U9 /* Pods_Runner.framework */; };
		9I9COG14VSBINGB5G627PQYH /* RunnerTests.swift in Sources */ = {isa = PBXBuildFile; fileRef = X34AW67CNFLOBOKDQYYSFTDW /* RunnerTests.swift */; };
		CO6MA288JWQC04JXEJBEYE8A /* AppDelegate.swift in Sources */ = {isa = PBXBuildFile; fileRef = SJJ0INB52MUW68ICRLDHXZQL /* AppDelegate.swift */; };
		KN2NHSDY7UVNTAQ4NA4UJMNX /* Assets.xcassets in Resources */ = {isa = PBXBuildFile; fileRef = 1EV707DO403NS48Z1JXY1PGV /* Assets.xcassets */; };
		OYNBDIQQDEF0JKRWCKMSJ5VM /* Main.storyboard in Resources */ = {isa = PBXBuildFile; fileRef = WMFOM1ZFN0MFYUO9M9BPH2OD /* Main.storyboard */; };
		Q0BPI46VFBPDQTB6EFY4SJSD /* GeneratedPluginRegistrant.m in Sources */ = {isa = PBXBuildFile; fileRef = 19CL79QS9AFT8I2WEJ3PTZ84 /* GeneratedPluginRegistrant.m */; };
		TPOYSCWY18RB1DS5R9CPXHFQ /* AppFrameworkInfo.plist in Resources */ = {isa = PBXBuildFile; fileRef = D0BWJ7DZ57MA8YTCQ9P5LKQN /* AppFrameworkInfo.plist */; };
		ZU2BUVWHRZD1I9JXYINL8XB7 /* Pods_RunnerTests.framework in Frameworks */ = {isa = PBXBuildFile; fileRef = D4HPMQ75HCC6DFGW94XZI6D1 /* Pods_RunnerTests.framework */; };
/* End PBXBuildFile section */

/* Begin PBXContainerItemProxy section */
		V2GJ0499ZOQYFXIW4JR49WRQ /* PBXContainerItemProxy */ = {
			isa = PBXContainerItemProxy;
			containerPortal = K11J2ILNIXDMY6AK6HSTWT7C /* Project object */;
			proxyType = 1;
			remoteGlobalIDString = 39GLO3SEFJZA6WN6CG610JG1;
			remoteInfo = Runner;
		};
/* End PBXContainerItemProxy section */

/* Begin PBXCopyFilesBuildPhase section */
		QJOF5SLBJLHTOSMBSK7HVXE4 /* Embed Frameworks */ = {
			isa = PBXCopyFilesBuildPhase;
			buildActionMask = 2147483647;
			dstPath = "";
			dstSubfolderSpec = 10;
			files = (
			);
			name = "Embed Frameworks";
			runOnlyForDeploymentPostprocessing = 0;
		};
/* End PBXCopyFilesBuildPhase section */

/* Begin PBXFileReference section */
		163ZT2QTL3EMTR0JEKMKTCDG /* Debug.xcconfig */ = {isa = PBXFileReference; fileEncoding = 4; lastKnownFileType = text.xcconfig; name = Debug.xcconfig; path = Flutter/Debug.xcconfig; sourceTree = "<group>"; };
		19CL79QS9AFT8I2WEJ3PTZ84 /* GeneratedPluginRegistrant.m */ = {isa = PBXFileReference; fileEncoding = 4; lastKnownFileType = sourcecode.c.objc; path = GeneratedPluginRegistrant.m; sourceTree = "<group>"; };
		1EV707DO403NS48Z1JXY1PGV /* Assets.xcassets */ = {isa = PBXFileReference; lastKnownFileType = folder.assetcatalog; path = Assets.xcassets; sourceTree = "<group>"; };
		1MSQ61D7QAC591ADXATWBBRB /* RunnerTests.xctest */ = {isa = PBXFileReference; explicitFileType = wrapper.cfbundle; includeInIndex = 0; path = RunnerTests.xctest; sourceTree = BUILT_PRODUCTS_DIR; };
		3ZZ1TEPY5YGTTLZYHQ73M5YG /* Pods-Runner.debug.xcconfig */ = {isa = PBXFileReference; includeInIndex = 1; lastKnownFileType = text.xcconfig; name = "Pods-Runner.debug.xcconfig"; path = "Target Support Files/Pods-Runner/Pods-Runner.debug.xcconfig"; sourceTree = "<group>"; };
		5G5KPV3B7VFNP4A091MGOIDU /* Pods-RunnerTests.profile.xcconfig */ = {isa = PBXFileReference; includeInIndex = 1; lastKnownFileType = text.xcconfig; name = "Pods-RunnerTests.profile.xcconfig"; path = "Target Support Files/Pods-RunnerTests/Pods-RunnerTests.profile.xcconfig"; sourceTree = "<group>"; };
		6JUKCBT577ABS32BLJRFERSA /* Generated.xcconfig */ = {isa = PBXFileReference; fileEncoding = 4; lastKnownFileType = text.xcconfig; name = Generated.xcconfig; path = Flutter/Generated.xcconfig; sourceTree = "<group>"; };
		81T7JI4RPKFRJKESNVNWLI73 /* Base */ = {isa = PBXFileReference; lastKnownFileType = file.storyboard; name = Base; path = Base.lproj/LaunchScreen.storyboard; sourceTree = "<group>"; };
		9LDM5VNFN89O6XP5CV3643U9 /* Pods_Runner.framework */ = {isa = PBXFileReference; explicitFileType = wrapper.framework; includeInIndex = 0; path = Pods_Runner.framework; sourceTree = BUILT_PRODUCTS_DIR; };
		BGY0QZ81T5RGUQP4KYXTL1KU /* Pods-RunnerTests.debug.xcconfig */ = {isa = PBXFileReference; includeInIndex = 1; lastKnownFileType = text.xcconfig; name = "Pods-RunnerTests.debug.xcconfig"; path = "Target Support Files/Pods-RunnerTests/Pods-RunnerTests.debug.xcconfig"; sourceTree = "<group>"; };
		BJ9TTPH9AEIOIDYVU2KT9O8C /* Runner-Bridging-Header.h */ = {isa = PBXFileReference; lastKnownFileType = sourcecode.c.h; path = "Runner-Bridging-Header.h"; sourceTree = "<group>"; };
		BLTZ8OEUJXQCPDG4NLW5GJNV /* Release.xcconfig */ = {isa = PBXFileReference; lastKnownFileType = text.xcconfig; name = Release.xcconfig; path = Flutter/Release.xcconfig; sourceTree = "<group>"; };
		D0BWJ7DZ57MA8YTCQ9P5LKQN /* AppFrameworkInfo.plist */ = {isa = PBXFileReference; fileEncoding = 4; lastKnownFileType = text.plist.xml; name = AppFrameworkInfo.plist; path = Flutter/AppFrameworkInfo.plist; sourceTree = "<group>"; };
		D4HPMQ75HCC6DFGW94XZI6D1 /* Pods_RunnerTests.framework */ = {isa = PBXFileReference; explicitFileType = wrapper.framework; includeInIndex = 0; path = Pods_RunnerTests.framework; sourceTree = BUILT_PRODUCTS_DIR; };
		G4YUIXQIYCAFJGXU5TXN1VXT /* Pods-Runner.profile.xcconfig */ = {isa = PBXFileReference; includeInIndex = 1; lastKnownFileType = text.xcconfig; name = "Pods-Runner.profile.xcconfig"; path = "Target Support Files/Pods-Runner/Pods-Runner.profile.xcconfig"; sourceTree = "<group>"; };
		H2EEP5EIYIULIS5DXW58OFZ6 /* Pods-Runner.release.xcconfig */ = {isa = PBXFileReference; includeInIndex = 1; lastKnownFileType = text.xcconfig; name = "Pods-Runner.release.xcconfig"; path = "Target Support Files/Pods-Runner/Pods-Runner.release.xcconfig"; sourceTree = "<group>"; };
		HLDP1R5QX3BANHX7MI7TADF2 /* Info.plist */ = {isa = PBXFileReference; lastKnownFileType = text.plist.xml; path = Info.plist; sourceTree = "<group>"; };
		K4WW71ZWCZJ974PIY7TNMPFS /* Base */ = {isa = PBXFileReference; lastKnownFileType = file.storyboard; name = Base; path = Base.lproj/Main.storyboard; sourceTree = "<group>"; };
		OTKGJUDYCH5JM64E62QWSANH /* Runner.app */ = {isa = PBXFileReference; explicitFileType = wrapper.application; includeInIndex = 0; path = Runner.app; sourceTree = BUILT_PRODUCTS_DIR; };
		SJJ0INB52MUW68ICRLDHXZQL /* AppDelegate.swift */ = {isa = PBXFileReference; fileEncoding = 4; lastKnownFileType = sourcecode.swift; path = AppDelegate.swift; sourceTree = "<group>"; };
		VA85RHB8ONKTOYZBQ1QEMQB5 /* GeneratedPluginRegistrant.h */ = {isa = PBXFileReference; lastKnownFileType = sourcecode.c.h; path = GeneratedPluginRegistrant.h; sourceTree = "<group>"; };
		VCMOQ95MUW7OK03JHCPOBYBX /* Pods-RunnerTests.release.xcconfig */ = {isa = PBXFileReference; includeInIndex = 1; lastKnownFileType = text.xcconfig; name = "Pods-RunnerTests.release.xcconfig"; path = "Target Support Files/Pods-RunnerTests/Pods-RunnerTests.release.xcconfig"; sourceTree = "<group>"; };
		X34AW67CNFLOBOKDQYYSFTDW /* RunnerTests.swift */ = {isa = PBXFileReference; lastKnownFileType = sourcecode.swift; path = RunnerTests.swift; sourceTree = "<group>"; };
/* End PBXFileReference section */

/* Begin PBXFrameworksBuildPhase section */
		AE3PGK9KOUEBQDSDYXP3AG7C /* Frameworks */ = {
			isa = PBXFrameworksBuildPhase;
			buildActionMask = 2147483647;
			files = (
				8HTDJ0YQ7I64OIGEBBC1NGXQ /* Pods_Runner.framework in Frameworks */,
			);
			runOnlyForDeploymentPostprocessing = 0;
		};
		GRC00V4EBNNJG3HHWFBL3DI1 /* Frameworks */ = {
			isa = PBXFrameworksBuildPhase;
			buildActionMask = 2147483647;
			files = (
				ZU2BUVWHRZD1I9JXYINL8XB7 /* Pods_RunnerTests.framework in Frameworks */,
			);
			runOnlyForDeploymentPostprocessing = 0;
		};
/* End PBXFrameworksBuildPhase section */

/* Begin PBXGroup section */
		0GO7II7KA13EYL6OPWTXX534 /* RunnerTests */ = {
			isa = PBXGroup;
			children = (
				X34AW67CNFLOBOKDQYYSFTDW /* RunnerTests.swift */,
			);
			path = RunnerTests;
			sourceTree = "<group>";
		};
		59NYEO04BYQNC41XR5RUQTZM /* Flutter */ = {
			isa = PBXGroup;
			children = (
				D0BWJ7DZ57MA8YTCQ9P5LKQN /* AppFrameworkInfo.plist */,
				163ZT2QTL3EMTR0JEKMKTCDG /* Debug.xcconfig */,
				BLTZ8OEUJXQCPDG4NLW5GJNV /* Release.xcconfig */,
				6JUKCBT577ABS32BLJRFERSA /* Generated.xcconfig */,
			);
			name = Flutter;
			sourceTree = "<group>";
		};
		93JPX8PB40BQKAO7XUHR44JT /* Runner */ = {
			isa = PBXGroup;
			children = (
				VA85RHB8ONKTOYZBQ1QEMQB5 /* GeneratedPluginRegistrant.h */,
				BJ9TTPH9AEIOIDYVU2KT9O8C /* Runner-Bridging-Header.h */,
				1EV707DO403NS48Z1JXY1PGV /* Assets.xcassets */,
				HLDP1R5QX3BANHX7MI7TADF2 /* Info.plist */,
				SJJ0INB52MUW68ICRLDHXZQL /* AppDelegate.swift */,
				WMFOM1ZFN0MFYUO9M9BPH2OD /* Main.storyboard */,
				19CL79QS9AFT8I2WEJ3PTZ84 /* GeneratedPluginRegistrant.m */,
				YFCUZ78R8Y5O7DVA3SS2NIVO /* LaunchScreen.storyboard */,
			);
			path = Runner;
			sourceTree = "<group>";
		};
		FMO06OGHWWR9HAQ37J5S1N0Y /* Frameworks */ = {
			isa = PBXGroup;
			children = (
				9LDM5VNFN89O6XP5CV3643U9 /* Pods_Runner.framework */,
				D4HPMQ75HCC6DFGW94XZI6D1 /* Pods_RunnerTests.framework */,
			);
			name = Frameworks;
			sourceTree = "<group>";
		};
		G82JCAPLPZPG95EHWAII9OWN /* Pods */ = {
			isa = PBXGroup;
			children = (
				5G5KPV3B7VFNP4A091MGOIDU /* Pods-RunnerTests.profile.xcconfig */,
				G4YUIXQIYCAFJGXU5TXN1VXT /* Pods-Runner.profile.xcconfig */,
				H2EEP5EIYIULIS5DXW58OFZ6 /* Pods-Runner.release.xcconfig */,
				3ZZ1TEPY5YGTTLZYHQ73M5YG /* Pods-Runner.debug.xcconfig */,
				BGY0QZ81T5RGUQP4KYXTL1KU /* Pods-RunnerTests.debug.xcconfig */,
				VCMOQ95MUW7OK03JHCPOBYBX /* Pods-RunnerTests.release.xcconfig */,
			);
			path = Pods;
			sourceTree = "<group>";
		};
		K9EG0OWHXQTXY69T3MKLYCJV /* Products */ = {
			isa = PBXGroup;
			children = (
				OTKGJUDYCH5JM64E62QWSANH /* Runner.app */,
				1MSQ61D7QAC591ADXATWBBRB /* RunnerTests.xctest */,
			);
			name = Products;
			sourceTree = "<group>";
		};
		UPCHFP57OB60QXVKLO70B4LP = {
			isa = PBXGroup;
			children = (
				59NYEO04BYQNC41XR5RUQTZM /* Flutter */,
				FMO06OGHWWR9HAQ37J5S1N0Y /* Frameworks */,
				93JPX8PB40BQKAO7XUHR44JT /* Runner */,
				0GO7II7KA13EYL6OPWTXX534 /* RunnerTests */,
				K9EG0OWHXQTXY69T3MKLYCJV /* Products */,
				G82JCAPLPZPG95EHWAII9OWN /* Pods */,
			);
			sourceTree = "<group>";
		};
/* End PBXGroup section */

/* Begin PBXNativeTarget section */
		39GLO3SEFJZA6WN6CG610JG1 /* Runner */ = {
			isa = PBXNativeTarget;
			buildConfigurationList = B8X8N2Z0UGL2SJRUMMFUEDM2 /* Build configuration list for PBXNativeTarget "Runner" */;
			buildPhases = (
				E8AZCIQJZVYUX7WEBCTSFR1G /* [CP] Check Pods Manifest.lock */,
				LI07OV99O72NMPKP650HQQUR /* Run Script */,
				F2TWC1YQ8KS5S36FAB8LFGW1 /* Sources */,
				AE3PGK9KOUEBQDSDYXP3AG7C /* Frameworks */,
				DQ9LRJRB6M19KFGWK89ZW47R /* Resources */,
				QJOF5SLBJLHTOSMBSK7HVXE4 /* Embed Frameworks */,
				Z39E9QW8QEBQWFCTPZV82Q1X /* Thin Binary */,
				OSJPREM2DRVYHQKP8QAPWUB9 /* [CP] Embed Pods Frameworks */,
			);
			buildRules = (
			);
			dependencies = (
			);
			name = Runner;
			productName = Runner;
			productReference = OTKGJUDYCH5JM64E62QWSANH /* Runner.app */;
			productType = "com.apple.product-type.application";
		};
		8U7R51N5BGBLPK143VKYJAXX /* RunnerTests */ = {
			isa = PBXNativeTarget;
			buildConfigurationList = 2M1Z8TIN176CATCO1ZM61YCU /* Build configuration list for PBXNativeTarget "RunnerTests" */;
			buildPhases = (
				E4SDQ9XZ4GT4E3QPMNU7CFWQ /* [CP] Check Pods Manifest.lock */,
				YOQLEDC2QILV2V7FQVVST8S5 /* Sources */,
				VHPR83M2AAUSLCDMAGHLV2GV /* Resources */,
				GRC00V4EBNNJG3HHWFBL3DI1 /* Frameworks */,
			);
			buildRules = (
			);
			dependencies = (
				L3XMI76P77KQ1F9QWFVXNGUL /* PBXTargetDependency */,
			);
			name = RunnerTests;
			productName = RunnerTests;
			productReference = 1MSQ61D7QAC591ADXATWBBRB /* RunnerTests.xctest */;
			productType = "com.apple.product-type.bundle.unit-test";
		};
/* End PBXNativeTarget section */

/* Begin PBXProject section */
		K11J2ILNIXDMY6AK6HSTWT7C /* Project object */ = {
			isa = PBXProject;
			attributes = {
				BuildIndependentTargetsInParallel = YES;
				LastUpgradeCheck = 1510;
				ORGANIZATIONNAME = "";
				TargetAttributes = {
					39GLO3SEFJZA6WN6CG610JG1 = {
						CreatedOnToolsVersion = 7.3.1;
						LastSwiftMigration = 1100;
					};
					8U7R51N5BGBLPK143VKYJAXX = {
						CreatedOnToolsVersion = 14.0;
						TestTargetID = 39GLO3SEFJZA6WN6CG610JG1;
					};
				};
			};
			buildConfigurationList = PJ7VDS2QQHFPZTUDROXPAQS4 /* Build configuration list for PBXProject "Runner" */;
			compatibilityVersion = "Xcode 9.3";
			developmentRegion = en;
			hasScannedForEncodings = 0;
			knownRegions = (
				en,
				Base,
			);
			mainGroup = UPCHFP57OB60QXVKLO70B4LP;
			productRefGroup = K9EG0OWHXQTXY69T3MKLYCJV /* Products */;
			projectDirPath = "";
			projectRoot = "";
			targets = (
				39GLO3SEFJZA6WN6CG610JG1 /* Runner */,
				8U7R51N5BGBLPK143VKYJAXX /* RunnerTests */,
			);
		};
/* End PBXProject section */

/* Begin PBXResourcesBuildPhase section */
		DQ9LRJRB6M19KFGWK89ZW47R /* Resources */ = {
			isa = PBXResourcesBuildPhase;
			buildActionMask = 2147483647;
			files = (
				3I6QO535GJD8DWQQF7RES9GW /* LaunchScreen.storyboard in Resources */,
				TPOYSCWY18RB1DS5R9CPXHFQ /* AppFrameworkInfo.plist in Resources */,
				KN2NHSDY7UVNTAQ4NA4UJMNX /* Assets.xcassets in Resources */,
				OYNBDIQQDEF0JKRWCKMSJ5VM /* Main.storyboard in Resources */,
			);
			runOnlyForDeploymentPostprocessing = 0;
		};
		VHPR83M2AAUSLCDMAGHLV2GV /* Resources */ = {
			isa = PBXResourcesBuildPhase;
			buildActionMask = 2147483647;
			files = (
			);
			runOnlyForDeploymentPostprocessing = 0;
		};
/* End PBXResourcesBuildPhase section */

/* Begin PBXShellScriptBuildPhase section */
		E4SDQ9XZ4GT4E3QPMNU7CFWQ /* [CP] Check Pods Manifest.lock */ = {
			isa = PBXShellScriptBuildPhase;
			buildActionMask = 2147483647;
			files = (
			);
			inputFileListPaths = (
			);
			inputPaths = (
				"${PODS_PODFILE_DIR_PATH}/Podfile.lock",
				"${PODS_ROOT}/Manifest.lock",
			);
			name = "[CP] Check Pods Manifest.lock";
			outputFileListPaths = (
			);
			outputPaths = (
				"$(DERIVED_FILE_DIR)/Pods-RunnerTests-checkManifestLockResult.txt",
			);
			runOnlyForDeploymentPostprocessing = 0;
			shellPath = /bin/sh;
			shellScript = "diff \"${PODS_PODFILE_DIR_PATH}/Podfile.lock\" \"${PODS_ROOT}/Manifest.lock\" > /dev/null\nif [ $? != 0 ] ; then\n    # print error to STDERR\n    echo \"error: The sandbox is not in sync with the Podfile.lock. Run 'pod install' or update your CocoaPods installation.\" >&2\n    exit 1\nfi\n# This output is used by Xcode 'outputs' to avoid re-running this script phase.\necho \"SUCCESS\" > \"${SCRIPT_OUTPUT_FILE_0}\"\n";
			showEnvVarsInLog = 0;
		};
		E8AZCIQJZVYUX7WEBCTSFR1G /* [CP] Check Pods Manifest.lock */ = {
			isa = PBXShellScriptBuildPhase;
			buildActionMask = 2147483647;
			files = (
			);
			inputFileListPaths = (
			);
			inputPaths = (
				"${PODS_PODFILE_DIR_PATH}/Podfile.lock",
				"${PODS_ROOT}/Manifest.lock",
			);
			name = "[CP] Check Pods Manifest.lock";
			outputFileListPaths = (
			);
			outputPaths = (
				"$(DERIVED_FILE_DIR)/Pods-Runner-checkManifestLockResult.txt",
			);
			runOnlyForDeploymentPostprocessing = 0;
			shellPath = /bin/sh;
			shellScript = "diff \"${PODS_PODFILE_DIR_PATH}/Podfile.lock\" \"${PODS_ROOT}/Manifest.lock\" > /dev/null\nif [ $? != 0 ] ; then\n    # print error to STDERR\n    echo \"error: The sandbox is not in sync with the Podfile.lock. Run 'pod install' or update your CocoaPods installation.\" >&2\n    exit 1\nfi\n# This output is used by Xcode 'outputs' to avoid re-running this script phase.\necho \"SUCCESS\" > \"${SCRIPT_OUTPUT_FILE_0}\"\n";
			showEnvVarsInLog = 0;
		};
		LI07OV99O72NMPKP650HQQUR /* Run Script */ = {
			isa = PBXShellScriptBuildPhase;
			alwaysOutOfDate = 1;
			buildActionMask = 2147483647;
			files = (
			);
			inputPaths = (
			);
			name = "Run Script";
			outputPaths = (
			);
			runOnlyForDeploymentPostprocessing = 0;
			shellPath = /bin/sh;
			shellScript = "/bin/sh \"$FLUTTER_ROOT/packages/flutter_tools/bin/xcode_backend.sh\" build";
		};
		OSJPREM2DRVYHQKP8QAPWUB9 /* [CP] Embed Pods Frameworks */ = {
			isa = PBXShellScriptBuildPhase;
			buildActionMask = 2147483647;
			files = (
			);
			inputFileListPaths = (
				"${PODS_ROOT}/Target Support Files/Pods-Runner/Pods-Runner-frameworks-${CONFIGURATION}-input-files.xcfilelist",
			);
			inputPaths = (
			);
			name = "[CP] Embed Pods Frameworks";
			outputFileListPaths = (
				"${PODS_ROOT}/Target Support Files/Pods-Runner/Pods-Runner-frameworks-${CONFIGURATION}-output-files.xcfilelist",
			);
			outputPaths = (
			);
			runOnlyForDeploymentPostprocessing = 0;
			shellPath = /bin/sh;
			shellScript = "\"${PODS_ROOT}/Target Support Files/Pods-Runner/Pods-Runner-frameworks.sh\"\n";
			showEnvVarsInLog = 0;
		};
		Z39E9QW8QEBQWFCTPZV82Q1X /* Thin Binary */ = {
			isa = PBXShellScriptBuildPhase;
			alwaysOutOfDate = 1;
			buildActionMask = 2147483647;
			files = (
			);
			inputPaths = (
				"${TARGET_BUILD_DIR}/${INFOPLIST_PATH}",
			);
			name = "Thin Binary";
			outputPaths = (
			);
			runOnlyForDeploymentPostprocessing = 0;
			shellPath = /bin/sh;
			shellScript = "/bin/sh \"$FLUTTER_ROOT/packages/flutter_tools/bin/xcode_backend.sh\" embed_and_thin";
		};
/* End PBXShellScriptBuildPhase section */

/* Begin PBXSourcesBuildPhase section */
		F2TWC1YQ8KS5S36FAB8LFGW1 /* Sources */ = {
			isa = PBXSourcesBuildPhase;
			buildActionMask = 2147483647;
			files = (
				CO6MA288JWQC04JXEJBEYE8A /* AppDelegate.swift in Sources */,
				Q0BPI46VFBPDQTB6EFY4SJSD /* GeneratedPluginRegistrant.m in Sources */,
			);
			runOnlyForDeploymentPostprocessing = 0;
		};
		YOQLEDC2QILV2V7FQVVST8S5 /* Sources */ = {
			isa = PBXSourcesBuildPhase;
			buildActionMask = 2147483647;
			files = (
				9I9COG14VSBINGB5G627PQYH /* RunnerTests.swift in Sources */,
			);
			runOnlyForDeploymentPostprocessing = 0;
		};
/* End PBXSourcesBuildPhase section */

/* Begin PBXTargetDependency section */
		L3XMI76P77KQ1F9QWFVXNGUL /* PBXTargetDependency */ = {
			isa = PBXTargetDependency;
			target = 39GLO3SEFJZA6WN6CG610JG1 /* Runner */;
			targetProxy = V2GJ0499ZOQYFXIW4JR49WRQ /* PBXContainerItemProxy */;
		};
/* End PBXTargetDependency section */

/* Begin PBXVariantGroup section */
		WMFOM1ZFN0MFYUO9M9BPH2OD /* Main.storyboard */ = {
			isa = PBXVariantGroup;
			children = (
				K4WW71ZWCZJ974PIY7TNMPFS /* Base */,
			);
			name = Main.storyboard;
			sourceTree = "<group>";
		};
		YFCUZ78R8Y5O7DVA3SS2NIVO /* LaunchScreen.storyboard */ = {
			isa = PBXVariantGroup;
			children = (
				81T7JI4RPKFRJKESNVNWLI73 /* Base */,
			);
			name = LaunchScreen.storyboard;
			sourceTree = "<group>";
		};
/* End PBXVariantGroup section */

/* Begin XCBuildConfiguration section */
		0JI2ZNTRSF4BMMNCFA6DTV12 /* Debug */ = {
			isa = XCBuildConfiguration;
			baseConfigurationReference = BGY0QZ81T5RGUQP4KYXTL1KU /* Pods-RunnerTests.debug.xcconfig */;
			buildSettings = {
				BUNDLE_LOADER = "$(TEST_HOST)";
				CODE_SIGN_STYLE = Automatic;
				CURRENT_PROJECT_VERSION = 1;
				GENERATE_INFOPLIST_FILE = YES;
				MARKETING_VERSION = 1.0;
				PRODUCT_BUNDLE_IDENTIFIER = com.example.quickcontacttask.RunnerTests;
				PRODUCT_NAME = "$(TARGET_NAME)";
				SWIFT_ACTIVE_COMPILATION_CONDITIONS = DEBUG;
				SWIFT_OPTIMIZATION_LEVEL = "-Onone";
				SWIFT_VERSION = 5.0;
				TEST_HOST = "$(BUILT_PRODUCTS_DIR)/Runner.app/$(BUNDLE_EXECUTABLE_FOLDER_PATH)/Runner";
			};
			name = Debug;
		};
		33MPW7DOMKHM7KLJH132C30O /* Release */ = {
			isa = XCBuildConfiguration;
			baseConfigurationReference = BLTZ8OEUJXQCPDG4NLW5GJNV /* Release.xcconfig */;
			buildSettings = {
				ASSETCATALOG_COMPILER_APPICON_NAME = AppIcon;
				CLANG_ENABLE_MODULES = YES;
				"CODE_SIGN_IDENTITY[sdk=iphoneos*]" = "iPhone Distribution";
				CODE_SIGN_STYLE = Manual;
				CURRENT_PROJECT_VERSION = "$(FLUTTER_BUILD_NUMBER)";
				DEVELOPMENT_TEAM = "";
				"DEVELOPMENT_TEAM[sdk=iphoneos*]" = 5P4RL8S7NX;
				ENABLE_BITCODE = NO;
				INFOPLIST_FILE = Runner/Info.plist;
				LD_RUNPATH_SEARCH_PATHS = (
					"$(inherited)",
					"@executable_path/Frameworks",
				);
				PRODUCT_BUNDLE_IDENTIFIER = com.relara;
				PRODUCT_NAME = "$(TARGET_NAME)";
				PROVISIONING_PROFILE_SPECIFIER = "";
				"PROVISIONING_PROFILE_SPECIFIER[sdk=iphoneos*]" = 5P4RL8S7NX.com.relara;
				SUPPORTED_PLATFORMS = "iphoneos iphonesimulator";
				SUPPORTS_MACCATALYST = NO;
				SUPPORTS_MAC_DESIGNED_FOR_IPHONE_IPAD = NO;
				SUPPORTS_XR_DESIGNED_FOR_IPHONE_IPAD = NO;
				SWIFT_OBJC_BRIDGING_HEADER = "Runner/Runner-Bridging-Header.h";
				SWIFT_VERSION = 5.0;
				TARGETED_DEVICE_FAMILY = "1,2";
				VERSIONING_SYSTEM = "apple-generic";
			};
			name = Release;
		};
		4DXJQ57QAUVK39K5TJYHCOUI /* Release */ = {
			isa = XCBuildConfiguration;
			buildSettings = {
				ALWAYS_SEARCH_USER_PATHS = NO;
				ASSETCATALOG_COMPILER_GENERATE_SWIFT_ASSET_SYMBOL_EXTENSIONS = YES;
				CLANG_ANALYZER_NONNULL = YES;
				CLANG_CXX_LANGUAGE_STANDARD = "gnu++0x";
				CLANG_CXX_LIBRARY = "libc++";
				CLANG_ENABLE_MODULES = YES;
				CLANG_ENABLE_OBJC_ARC = YES;
				CLANG_WARN_BLOCK_CAPTURE_AUTORELEASING = YES;
				CLANG_WARN_BOOL_CONVERSION = YES;
				CLANG_WARN_COMMA = YES;
				CLANG_WARN_CONSTANT_CONVERSION = YES;
				CLANG_WARN_DEPRECATED_OBJC_IMPLEMENTATIONS = YES;
				CLANG_WARN_DIRECT_OBJC_ISA_USAGE = YES_ERROR;
				CLANG_WARN_EMPTY_BODY = YES;
				CLANG_WARN_ENUM_CONVERSION = YES;
				CLANG_WARN_INFINITE_RECURSION = YES;
				CLANG_WARN_INT_CONVERSION = YES;
				CLANG_WARN_NON_LITERAL_NULL_CONVERSION = YES;
				CLANG_WARN_OBJC_IMPLICIT_RETAIN_SELF = YES;
				CLANG_WARN_OBJC_LITERAL_CONVERSION = YES;
				CLANG_WARN_OBJC_ROOT_CLASS = YES_ERROR;
				CLANG_WARN_RANGE_LOOP_ANALYSIS = YES;
				CLANG_WARN_STRICT_PROTOTYPES = YES;
				CLANG_WARN_SUSPICIOUS_MOVE = YES;
				CLANG_WARN_UNREACHABLE_CODE = YES;
				CLANG_WARN__DUPLICATE_METHOD_MATCH = YES;
				"CODE_SIGN_IDENTITY[sdk=iphoneos*]" = "iPhone Developer";
				COPY_PHASE_STRIP = NO;
				DEBUG_INFORMATION_FORMAT = "dwarf-with-dsym";
				ENABLE_NS_ASSERTIONS = NO;
				ENABLE_STRICT_OBJC_MSGSEND = YES;
				ENABLE_USER_SCRIPT_SANDBOXING = NO;
				GCC_C_LANGUAGE_STANDARD = gnu99;
				GCC_NO_COMMON_BLOCKS = YES;
				GCC_WARN_64_TO_32_BIT_CONVERSION = YES;
				GCC_WARN_ABOUT_RETURN_TYPE = YES_ERROR;
				GCC_WARN_UNDECLARED_SELECTOR = YES;
				GCC_WARN_UNINITIALIZED_AUTOS = YES_AGGRESSIVE;
				GCC_WARN_UNUSED_FUNCTION = YES;
				GCC_WARN_UNUSED_VARIABLE = YES;
				IPHONEOS_DEPLOYMENT_TARGET = 13.0;
				MTL_ENABLE_DEBUG_INFO = NO;
				SDKROOT = iphoneos;
				SUPPORTED_PLATFORMS = iphoneos;
				SWIFT_COMPILATION_MODE = wholemodule;
				SWIFT_OPTIMIZATION_LEVEL = "-O";
				TARGETED_DEVICE_FAMILY = "1,2";
				VALIDATE_PRODUCT = YES;
			};
			name = Release;
		};
		6UN4QGH25FGB3EGCBYNGUPP3 /* Profile */ = {
			isa = XCBuildConfiguration;
			buildSettings = {
				ALWAYS_SEARCH_USER_PATHS = NO;
				ASSETCATALOG_COMPILER_GENERATE_SWIFT_ASSET_SYMBOL_EXTENSIONS = YES;
				CLANG_ANALYZER_NONNULL = YES;
				CLANG_CXX_LANGUAGE_STANDARD = "gnu++0x";
				CLANG_CXX_LIBRARY = "libc++";
				CLANG_ENABLE_MODULES = YES;
				CLANG_ENABLE_OBJC_ARC = YES;
				CLANG_WARN_BLOCK_CAPTURE_AUTORELEASING = YES;
				CLANG_WARN_BOOL_CONVERSION = YES;
				CLANG_WARN_COMMA = YES;
				CLANG_WARN_CONSTANT_CONVERSION = YES;
				CLANG_WARN_DEPRECATED_OBJC_IMPLEMENTATIONS = YES;
				CLANG_WARN_DIRECT_OBJC_ISA_USAGE = YES_ERROR;
				CLANG_WARN_EMPTY_BODY = YES;
				CLANG_WARN_ENUM_CONVERSION = YES;
				CLANG_WARN_INFINITE_RECURSION = YES;
				CLANG_WARN_INT_CONVERSION = YES;
				CLANG_WARN_NON_LITERAL_NULL_CONVERSION = YES;
				CLANG_WARN_OBJC_IMPLICIT_RETAIN_SELF = YES;
				CLANG_WARN_OBJC_LITERAL_CONVERSION = YES;
				CLANG_WARN_OBJC_ROOT_CLASS = YES_ERROR;
				CLANG_WARN_RANGE_LOOP_ANALYSIS = YES;
				CLANG_WARN_STRICT_PROTOTYPES = YES;
				CLANG_WARN_SUSPICIOUS_MOVE = YES;
				CLANG_WARN_UNREACHABLE_CODE = YES;
				CLANG_WARN__DUPLICATE_METHOD_MATCH = YES;
				"CODE_SIGN_IDENTITY[sdk=iphoneos*]" = "iPhone Developer";
				COPY_PHASE_STRIP = NO;
				DEBUG_INFORMATION_FORMAT = "dwarf-with-dsym";
				ENABLE_NS_ASSERTIONS = NO;
				ENABLE_STRICT_OBJC_MSGSEND = YES;
				ENABLE_USER_SCRIPT_SANDBOXING = NO;
				GCC_C_LANGUAGE_STANDARD = gnu99;
				GCC_NO_COMMON_BLOCKS = YES;
				GCC_WARN_64_TO_32_BIT_CONVERSION = YES;
				GCC_WARN_ABOUT_RETURN_TYPE = YES_ERROR;
				GCC_WARN_UNDECLARED_SELECTOR = YES;
				GCC_WARN_UNINITIALIZED_AUTOS = YES_AGGRESSIVE;
				GCC_WARN_UNUSED_FUNCTION = YES;
				GCC_WARN_UNUSED_VARIABLE = YES;
				IPHONEOS_DEPLOYMENT_TARGET = 13.0;
				MTL_ENABLE_DEBUG_INFO = NO;
				SDKROOT = iphoneos;
				SUPPORTED_PLATFORMS = iphoneos;
				TARGETED_DEVICE_FAMILY = "1,2";
				VALIDATE_PRODUCT = YES;
			};
			name = Profile;
		};
		F2AMUWNSO2404KJEP6LWZRRV /* Profile */ = {
			isa = XCBuildConfiguration;
			baseConfigurationReference = BLTZ8OEUJXQCPDG4NLW5GJNV /* Release.xcconfig */;
			buildSettings = {
				ASSETCATALOG_COMPILER_APPICON_NAME = AppIcon;
				CLANG_ENABLE_MODULES = YES;
				"CODE_SIGN_IDENTITY[sdk=iphoneos*]" = "iPhone Distribution";
				CODE_SIGN_STYLE = Manual;
				CURRENT_PROJECT_VERSION = "$(FLUTTER_BUILD_NUMBER)";
				DEVELOPMENT_TEAM = "";
				"DEVELOPMENT_TEAM[sdk=iphoneos*]" = 5P4RL8S7NX;
				ENABLE_BITCODE = NO;
				INFOPLIST_FILE = Runner/Info.plist;
				LD_RUNPATH_SEARCH_PATHS = (
					"$(inherited)",
					"@executable_path/Frameworks",
				);
				PRODUCT_BUNDLE_IDENTIFIER = com.relara;
				PRODUCT_NAME = "$(TARGET_NAME)";
				PROVISIONING_PROFILE_SPECIFIER = "";
				"PROVISIONING_PROFILE_SPECIFIER[sdk=iphoneos*]" = 5P4RL8S7NX.com.relara;
				SUPPORTED_PLATFORMS = "iphoneos iphonesimulator";
				SUPPORTS_MACCATALYST = NO;
				SUPPORTS_MAC_DESIGNED_FOR_IPHONE_IPAD = NO;
				SUPPORTS_XR_DESIGNED_FOR_IPHONE_IPAD = NO;
				SWIFT_OBJC_BRIDGING_HEADER = "Runner/Runner-Bridging-Header.h";
				SWIFT_VERSION = 5.0;
				TARGETED_DEVICE_FAMILY = "1,2";
				VERSIONING_SYSTEM = "apple-generic";
			};
			name = Profile;
		};
		LO0442R77SVCJNCYJYA9VELG /* Release */ = {
			isa = XCBuildConfiguration;
			baseConfigurationReference = VCMOQ95MUW7OK03JHCPOBYBX /* Pods-RunnerTests.release.xcconfig */;
			buildSettings = {
				BUNDLE_LOADER = "$(TEST_HOST)";
				CODE_SIGN_STYLE = Automatic;
				CURRENT_PROJECT_VERSION = 1;
				GENERATE_INFOPLIST_FILE = YES;
				MARKETING_VERSION = 1.0;
				PRODUCT_BUNDLE_IDENTIFIER = com.example.quickcontacttask.RunnerTests;
				PRODUCT_NAME = "$(TARGET_NAME)";
				SWIFT_VERSION = 5.0;
				TEST_HOST = "$(BUILT_PRODUCTS_DIR)/Runner.app/$(BUNDLE_EXECUTABLE_FOLDER_PATH)/Runner";
			};
			name = Release;
		};
		MCK879E8T6N21CEZGTVPS4HO /* Debug */ = {
			isa = XCBuildConfiguration;
			baseConfigurationReference = 163ZT2QTL3EMTR0JEKMKTCDG /* Debug.xcconfig */;
			buildSettings = {
				ASSETCATALOG_COMPILER_APPICON_NAME = AppIcon;
				CLANG_ENABLE_MODULES = YES;
				"CODE_SIGN_IDENTITY[sdk=iphoneos*]" = "iPhone Distribution";
				CODE_SIGN_STYLE = Manual;
				CURRENT_PROJECT_VERSION = "$(FLUTTER_BUILD_NUMBER)";
				DEVELOPMENT_TEAM = "";
				"DEVELOPMENT_TEAM[sdk=iphoneos*]" = 5P4RL8S7NX;
				ENABLE_BITCODE = NO;
				INFOPLIST_FILE = Runner/Info.plist;
				LD_RUNPATH_SEARCH_PATHS = (
					"$(inherited)",
					"@executable_path/Frameworks",
				);
				PRODUCT_BUNDLE_IDENTIFIER = com.relara;
				PRODUCT_NAME = "$(TARGET_NAME)";
				PROVISIONING_PROFILE_SPECIFIER = "";
				"PROVISIONING_PROFILE_SPECIFIER[sdk=iphoneos*]" = 5P4RL8S7NX.com.relara;
				SUPPORTED_PLATFORMS = "iphoneos iphonesimulator";
				SUPPORTS_MACCATALYST = NO;
				SUPPORTS_MAC_DESIGNED_FOR_IPHONE_IPAD = NO;
				SUPPORTS_XR_DESIGNED_FOR_IPHONE_IPAD = NO;
				SWIFT_OBJC_BRIDGING_HEADER = "Runner/Runner-Bridging-Header.h";
				SWIFT_OPTIMIZATION_LEVEL = "-Onone";
				SWIFT_VERSION = 5.0;
				TARGETED_DEVICE_FAMILY = "1,2";
				VERSIONING_SYSTEM = "apple-generic";
			};
			name = Debug;
		};
		VI6J3U4LKJA7XEMDLRGS5ZP5 /* Profile */ = {
			isa = XCBuildConfiguration;
			baseConfigurationReference = 5G5KPV3B7VFNP4A091MGOIDU /* Pods-RunnerTests.profile.xcconfig */;
			buildSettings = {
				BUNDLE_LOADER = "$(TEST_HOST)";
				CODE_SIGN_STYLE = Automatic;
				CURRENT_PROJECT_VERSION = 1;
				GENERATE_INFOPLIST_FILE = YES;
				MARKETING_VERSION = 1.0;
				PRODUCT_BUNDLE_IDENTIFIER = com.example.quickcontacttask.RunnerTests;
				PRODUCT_NAME = "$(TARGET_NAME)";
				SWIFT_VERSION = 5.0;
				TEST_HOST = "$(BUILT_PRODUCTS_DIR)/Runner.app/$(BUNDLE_EXECUTABLE_FOLDER_PATH)/Runner";
			};
			name = Profile;
		};
		VLVMXP69YQEKW34FYZBWISVI /* Debug */ = {
			isa = XCBuildConfiguration;
			buildSettings = {
				ALWAYS_SEARCH_USER_PATHS = NO;
				ASSETCATALOG_COMPILER_GENERATE_SWIFT_ASSET_SYMBOL_EXTENSIONS = YES;
				CLANG_ANALYZER_NONNULL = YES;
				CLANG_CXX_LANGUAGE_STANDARD = "gnu++0x";
				CLANG_CXX_LIBRARY = "libc++";
				CLANG_ENABLE_MODULES = YES;
				CLANG_ENABLE_OBJC_ARC = YES;
				CLANG_WARN_BLOCK_CAPTURE_AUTORELEASING = YES;
				CLANG_WARN_BOOL_CONVERSION = YES;
				CLANG_WARN_COMMA = YES;
				CLANG_WARN_CONSTANT_CONVERSION = YES;
				CLANG_WARN_DEPRECATED_OBJC_IMPLEMENTATIONS = YES;
				CLANG_WARN_DIRECT_OBJC_ISA_USAGE = YES_ERROR;
				CLANG_WARN_EMPTY_BODY = YES;
				CLANG_WARN_ENUM_CONVERSION = YES;
				CLANG_WARN_INFINITE_RECURSION = YES;
				CLANG_WARN_INT_CONVERSION = YES;
				CLANG_WARN_NON_LITERAL_NULL_CONVERSION = YES;
				CLANG_WARN_OBJC_IMPLICIT_RETAIN_SELF = YES;
				CLANG_WARN_OBJC_LITERAL_CONVERSION = YES;
				CLANG_WARN_OBJC_ROOT_CLASS = YES_ERROR;
				CLANG_WARN_RANGE_LOOP_ANALYSIS = YES;
				CLANG_WARN_STRICT_PROTOTYPES = YES;
				CLANG_WARN_SUSPICIOUS_MOVE = YES;
				CLANG_WARN_UNREACHABLE_CODE = YES;
				CLANG_WARN__DUPLICATE_METHOD_MATCH = YES;
				"CODE_SIGN_IDENTITY[sdk=iphoneos*]" = "iPhone Developer";
				COPY_PHASE_STRIP = NO;
				DEBUG_INFORMATION_FORMAT = dwarf;
				ENABLE_STRICT_OBJC_MSGSEND = YES;
				ENABLE_TESTABILITY = YES;
				ENABLE_USER_SCRIPT_SANDBOXING = NO;
				GCC_C_LANGUAGE_STANDARD = gnu99;
				GCC_DYNAMIC_NO_PIC = NO;
				GCC_NO_COMMON_BLOCKS = YES;
				GCC_OPTIMIZATION_LEVEL = 0;
				GCC_PREPROCESSOR_DEFINITIONS = (
					"DEBUG=1",
					"$(inherited)",
				);
				GCC_WARN_64_TO_32_BIT_CONVERSION = YES;
				GCC_WARN_ABOUT_RETURN_TYPE = YES_ERROR;
				GCC_WARN_UNDECLARED_SELECTOR = YES;
				GCC_WARN_UNINITIALIZED_AUTOS = YES_AGGRESSIVE;
				GCC_WARN_UNUSED_FUNCTION = YES;
				GCC_WARN_UNUSED_VARIABLE = YES;
				IPHONEOS_DEPLOYMENT_TARGET = 13.0;
				MTL_ENABLE_DEBUG_INFO = YES;
				ONLY_ACTIVE_ARCH = YES;
				SDKROOT = iphoneos;
				TARGETED_DEVICE_FAMILY = "1,2";
			};
			name = Debug;
		};
/* End XCBuildConfiguration section */

/* Begin XCConfigurationList section */
		2M1Z8TIN176CATCO1ZM61YCU /* Build configuration list for PBXNativeTarget "RunnerTests" */ = {
			isa = XCConfigurationList;
			buildConfigurations = (
				0JI2ZNTRSF4BMMNCFA6DTV12 /* Debug */,
				LO0442R77SVCJNCYJYA9VELG /* Release */,
				VI6J3U4LKJA7XEMDLRGS5ZP5 /* Profile */,
			);
			defaultConfigurationIsVisible = 0;
			defaultConfigurationName = Release;
		};
		B8X8N2Z0UGL2SJRUMMFUEDM2 /* Build configuration list for PBXNativeTarget "Runner" */ = {
			isa = XCConfigurationList;
			buildConfigurations = (
				MCK879E8T6N21CEZGTVPS4HO /* Debug */,
				33MPW7DOMKHM7KLJH132C30O /* Release */,
				F2AMUWNSO2404KJEP6LWZRRV /* Profile */,
			);
			defaultConfigurationIsVisible = 0;
			defaultConfigurationName = Release;
		};
		PJ7VDS2QQHFPZTUDROXPAQS4 /* Build configuration list for PBXProject "Runner" */ = {
			isa = XCConfigurationList;
			buildConfigurations = (
				VLVMXP69YQEKW34FYZBWISVI /* Debug */,
				4DXJQ57QAUVK39K5TJYHCOUI /* Release */,
				6UN4QGH25FGB3EGCBYNGUPP3 /* Profile */,
			);
			defaultConfigurationIsVisible = 0;
			defaultConfigurationName = Release;
		};
/* End XCConfigurationList section */
	};
	rootObject = K11J2ILNIXDMY6AK6HSTWT7C /* Project object */;
}
